// !$*UTF8*$!
{
	archiveVersion = 1;
	classes = {
	};
	objectVersion = 50;
	objects = {

/* Begin PBXBuildFile section */
		1C74248221B29539004314FC /* AppDelegate.swift in Sources */ = {isa = PBXBuildFile; fileRef = 1C74248121B29539004314FC /* AppDelegate.swift */; };
		1C74248421B29539004314FC /* WeatherReportViewController.swift in Sources */ = {isa = PBXBuildFile; fileRef = 1C74248321B29539004314FC /* WeatherReportViewController.swift */; };
		1C74248721B29539004314FC /* Main.storyboard in Resources */ = {isa = PBXBuildFile; fileRef = 1C74248521B29539004314FC /* Main.storyboard */; };
		1C74248921B2953B004314FC /* Assets.xcassets in Resources */ = {isa = PBXBuildFile; fileRef = 1C74248821B2953B004314FC /* Assets.xcassets */; };
		1C74248C21B2953B004314FC /* LaunchScreen.storyboard in Resources */ = {isa = PBXBuildFile; fileRef = 1C74248A21B2953B004314FC /* LaunchScreen.storyboard */; };
		1C74249721B2953B004314FC /* KisanHubTests.swift in Sources */ = {isa = PBXBuildFile; fileRef = 1C74249621B2953B004314FC /* KisanHubTests.swift */; };
		1C7424AA21B2955F004314FC /* Charts.framework in Frameworks */ = {isa = PBXBuildFile; fileRef = 1C7424A721B2954B004314FC /* Charts.framework */; };
		1C7424AB21B2955F004314FC /* Charts.framework in Embed Frameworks */ = {isa = PBXBuildFile; fileRef = 1C7424A721B2954B004314FC /* Charts.framework */; settings = {ATTRIBUTES = (CodeSignOnCopy, RemoveHeadersOnCopy, ); }; };
		1C7424BB21B29CBB004314FC /* DropdownHeaderView.swift in Sources */ = {isa = PBXBuildFile; fileRef = 1C7424B921B29CBB004314FC /* DropdownHeaderView.swift */; };
		1C7424BC21B29CBB004314FC /* DropdownHeaderView.xib in Resources */ = {isa = PBXBuildFile; fileRef = 1C7424BA21B29CBB004314FC /* DropdownHeaderView.xib */; };
		1C7424BF21B2A0C4004314FC /* Constants.swift in Sources */ = {isa = PBXBuildFile; fileRef = 1C7424BE21B2A0C4004314FC /* Constants.swift */; };
		1C7ACD6521B3807000B91F89 /* CustomTableViewCell.swift in Sources */ = {isa = PBXBuildFile; fileRef = 1C7ACD6321B3806F00B91F89 /* CustomTableViewCell.swift */; };
		1C7ACD6621B3807000B91F89 /* CustomTableViewCell.xib in Resources */ = {isa = PBXBuildFile; fileRef = 1C7ACD6421B3806F00B91F89 /* CustomTableViewCell.xib */; };
		1C7ACD6C21B3AD0400B91F89 /* ChartView.swift in Sources */ = {isa = PBXBuildFile; fileRef = 1C7ACD6B21B3AD0400B91F89 /* ChartView.swift */; };
		1C7ACD6F21B3BC9A00B91F89 /* Record.swift in Sources */ = {isa = PBXBuildFile; fileRef = 1C7ACD6E21B3BC9A00B91F89 /* Record.swift */; };
		1C7ACD9821B41D9F00B91F89 /* NetworkSession.swift in Sources */ = {isa = PBXBuildFile; fileRef = 1C7ACD9721B41D9F00B91F89 /* NetworkSession.swift */; };
		1C7ACD9A21B41E2200B91F89 /* Result.swift in Sources */ = {isa = PBXBuildFile; fileRef = 1C7ACD9921B41E2200B91F89 /* Result.swift */; };
		1C7ACD9D21B41FB300B91F89 /* NetworkConstants.swift in Sources */ = {isa = PBXBuildFile; fileRef = 1C7ACD9C21B41FB300B91F89 /* NetworkConstants.swift */; };
		1C7ACD9F21B4216500B91F89 /* APIClient.swift in Sources */ = {isa = PBXBuildFile; fileRef = 1C7ACD9E21B4216500B91F89 /* APIClient.swift */; };
		1C7ACDA121B4222600B91F89 /* KisanHubAPIClient.swift in Sources */ = {isa = PBXBuildFile; fileRef = 1C7ACDA021B4222600B91F89 /* KisanHubAPIClient.swift */; };
		1C7ACDA321B4235500B91F89 /* Parser.swift in Sources */ = {isa = PBXBuildFile; fileRef = 1C7ACDA221B4235500B91F89 /* Parser.swift */; };
		1C7ACDA621B4282000B91F89 /* WeatherReportViewModel.swift in Sources */ = {isa = PBXBuildFile; fileRef = 1C7ACDA521B4282000B91F89 /* WeatherReportViewModel.swift */; };
		1C7ACDA821B456CF00B91F89 /* WeatherReportService.swift in Sources */ = {isa = PBXBuildFile; fileRef = 1C7ACDA721B456CF00B91F89 /* WeatherReportService.swift */; };
		1C7ACDAA21B45F9000B91F89 /* Dictionary+Request.swift in Sources */ = {isa = PBXBuildFile; fileRef = 1C7ACDA921B45F9000B91F89 /* Dictionary+Request.swift */; };
		1C7ACDB221B5859D00B91F89 /* Property List.plist in Resources */ = {isa = PBXBuildFile; fileRef = 1C7ACDB121B5859D00B91F89 /* Property List.plist */; };
		1C7ACDB421B58B7F00B91F89 /* DataStoreProtocol.swift in Sources */ = {isa = PBXBuildFile; fileRef = 1C7ACDB321B58B7F00B91F89 /* DataStoreProtocol.swift */; };
		1C7ACDB721B58C9F00B91F89 /* DataStore.swift in Sources */ = {isa = PBXBuildFile; fileRef = 1C7ACDB621B58C9F00B91F89 /* DataStore.swift */; };
/* End PBXBuildFile section */

/* Begin PBXContainerItemProxy section */
		1C74249321B2953B004314FC /* PBXContainerItemProxy */ = {
			isa = PBXContainerItemProxy;
			containerPortal = 1C74247621B29539004314FC /* Project object */;
			proxyType = 1;
			remoteGlobalIDString = 1C74247D21B29539004314FC;
			remoteInfo = KisanHub;
		};
		1C7424A621B2954B004314FC /* PBXContainerItemProxy */ = {
			isa = PBXContainerItemProxy;
			containerPortal = 1C7424A121B2954B004314FC /* Charts.xcodeproj */;
			proxyType = 2;
			remoteGlobalIDString = 65AD9E95D9ED4DC0BD73A743;
			remoteInfo = Charts;
		};
		1C7424A821B2954B004314FC /* PBXContainerItemProxy */ = {
			isa = PBXContainerItemProxy;
			containerPortal = 1C7424A121B2954B004314FC /* Charts.xcodeproj */;
			proxyType = 2;
			remoteGlobalIDString = 1CBBC58C6CE1EBEE9852CE41;
			remoteInfo = ChartsTests;
		};
		1C7424AC21B2955F004314FC /* PBXContainerItemProxy */ = {
			isa = PBXContainerItemProxy;
			containerPortal = 1C7424A121B2954B004314FC /* Charts.xcodeproj */;
			proxyType = 1;
			remoteGlobalIDString = A58A4ED274A941CA248EA921;
			remoteInfo = Charts;
		};
/* End PBXContainerItemProxy section */

/* Begin PBXCopyFilesBuildPhase section */
		1C7424AE21B2955F004314FC /* Embed Frameworks */ = {
			isa = PBXCopyFilesBuildPhase;
			buildActionMask = 2147483647;
			dstPath = "";
			dstSubfolderSpec = 10;
			files = (
				1C7424AB21B2955F004314FC /* Charts.framework in Embed Frameworks */,
			);
			name = "Embed Frameworks";
			runOnlyForDeploymentPostprocessing = 0;
		};
/* End PBXCopyFilesBuildPhase section */

/* Begin PBXFileReference section */
		1C74247E21B29539004314FC /* KisanHub.app */ = {isa = PBXFileReference; explicitFileType = wrapper.application; includeInIndex = 0; path = KisanHub.app; sourceTree = BUILT_PRODUCTS_DIR; };
		1C74248121B29539004314FC /* AppDelegate.swift */ = {isa = PBXFileReference; lastKnownFileType = sourcecode.swift; path = AppDelegate.swift; sourceTree = "<group>"; };
		1C74248321B29539004314FC /* WeatherReportViewController.swift */ = {isa = PBXFileReference; lastKnownFileType = sourcecode.swift; path = WeatherReportViewController.swift; sourceTree = "<group>"; };
		1C74248621B29539004314FC /* Base */ = {isa = PBXFileReference; lastKnownFileType = file.storyboard; name = Base; path = Base.lproj/Main.storyboard; sourceTree = "<group>"; };
		1C74248821B2953B004314FC /* Assets.xcassets */ = {isa = PBXFileReference; lastKnownFileType = folder.assetcatalog; path = Assets.xcassets; sourceTree = "<group>"; };
		1C74248B21B2953B004314FC /* Base */ = {isa = PBXFileReference; lastKnownFileType = file.storyboard; name = Base; path = Base.lproj/LaunchScreen.storyboard; sourceTree = "<group>"; };
		1C74248D21B2953B004314FC /* Info.plist */ = {isa = PBXFileReference; lastKnownFileType = text.plist.xml; path = Info.plist; sourceTree = "<group>"; };
		1C74249221B2953B004314FC /* KisanHubTests.xctest */ = {isa = PBXFileReference; explicitFileType = wrapper.cfbundle; includeInIndex = 0; path = KisanHubTests.xctest; sourceTree = BUILT_PRODUCTS_DIR; };
		1C74249621B2953B004314FC /* KisanHubTests.swift */ = {isa = PBXFileReference; lastKnownFileType = sourcecode.swift; path = KisanHubTests.swift; sourceTree = "<group>"; };
		1C74249821B2953B004314FC /* Info.plist */ = {isa = PBXFileReference; lastKnownFileType = text.plist.xml; path = Info.plist; sourceTree = "<group>"; };
		1C7424A121B2954B004314FC /* Charts.xcodeproj */ = {isa = PBXFileReference; lastKnownFileType = "wrapper.pb-project"; name = Charts.xcodeproj; path = "../../Libraries/Charts-master/Charts.xcodeproj"; sourceTree = "<group>"; };
		1C7424B921B29CBB004314FC /* DropdownHeaderView.swift */ = {isa = PBXFileReference; fileEncoding = 4; lastKnownFileType = sourcecode.swift; path = DropdownHeaderView.swift; sourceTree = "<group>"; };
		1C7424BA21B29CBB004314FC /* DropdownHeaderView.xib */ = {isa = PBXFileReference; fileEncoding = 4; lastKnownFileType = file.xib; path = DropdownHeaderView.xib; sourceTree = "<group>"; };
		1C7424BE21B2A0C4004314FC /* Constants.swift */ = {isa = PBXFileReference; lastKnownFileType = sourcecode.swift; path = Constants.swift; sourceTree = "<group>"; };
		1C7ACD6321B3806F00B91F89 /* CustomTableViewCell.swift */ = {isa = PBXFileReference; lastKnownFileType = sourcecode.swift; path = CustomTableViewCell.swift; sourceTree = "<group>"; };
		1C7ACD6421B3806F00B91F89 /* CustomTableViewCell.xib */ = {isa = PBXFileReference; lastKnownFileType = file.xib; path = CustomTableViewCell.xib; sourceTree = "<group>"; };
		1C7ACD6B21B3AD0400B91F89 /* ChartView.swift */ = {isa = PBXFileReference; lastKnownFileType = sourcecode.swift; path = ChartView.swift; sourceTree = "<group>"; };
		1C7ACD6E21B3BC9A00B91F89 /* Record.swift */ = {isa = PBXFileReference; lastKnownFileType = sourcecode.swift; path = Record.swift; sourceTree = "<group>"; };
		1C7ACD9721B41D9F00B91F89 /* NetworkSession.swift */ = {isa = PBXFileReference; lastKnownFileType = sourcecode.swift; path = NetworkSession.swift; sourceTree = "<group>"; };
		1C7ACD9921B41E2200B91F89 /* Result.swift */ = {isa = PBXFileReference; fileEncoding = 4; lastKnownFileType = sourcecode.swift; path = Result.swift; sourceTree = "<group>"; };
		1C7ACD9C21B41FB300B91F89 /* NetworkConstants.swift */ = {isa = PBXFileReference; fileEncoding = 4; lastKnownFileType = sourcecode.swift; path = NetworkConstants.swift; sourceTree = "<group>"; };
		1C7ACD9E21B4216500B91F89 /* APIClient.swift */ = {isa = PBXFileReference; lastKnownFileType = sourcecode.swift; path = APIClient.swift; sourceTree = "<group>"; };
		1C7ACDA021B4222600B91F89 /* KisanHubAPIClient.swift */ = {isa = PBXFileReference; lastKnownFileType = sourcecode.swift; path = KisanHubAPIClient.swift; sourceTree = "<group>"; };
		1C7ACDA221B4235500B91F89 /* Parser.swift */ = {isa = PBXFileReference; lastKnownFileType = sourcecode.swift; path = Parser.swift; sourceTree = "<group>"; };
		1C7ACDA521B4282000B91F89 /* WeatherReportViewModel.swift */ = {isa = PBXFileReference; lastKnownFileType = sourcecode.swift; path = WeatherReportViewModel.swift; sourceTree = "<group>"; };
		1C7ACDA721B456CF00B91F89 /* WeatherReportService.swift */ = {isa = PBXFileReference; lastKnownFileType = sourcecode.swift; path = WeatherReportService.swift; sourceTree = "<group>"; };
		1C7ACDA921B45F9000B91F89 /* Dictionary+Request.swift */ = {isa = PBXFileReference; lastKnownFileType = sourcecode.swift; path = "Dictionary+Request.swift"; sourceTree = "<group>"; };
		1C7ACDB121B5859D00B91F89 /* Property List.plist */ = {isa = PBXFileReference; lastKnownFileType = text.plist.xml; path = "Property List.plist"; sourceTree = "<group>"; };
		1C7ACDB321B58B7F00B91F89 /* DataStoreProtocol.swift */ = {isa = PBXFileReference; lastKnownFileType = sourcecode.swift; path = DataStoreProtocol.swift; sourceTree = "<group>"; };
		1C7ACDB621B58C9F00B91F89 /* DataStore.swift */ = {isa = PBXFileReference; lastKnownFileType = sourcecode.swift; path = DataStore.swift; sourceTree = "<group>"; };
/* End PBXFileReference section */

/* Begin PBXFrameworksBuildPhase section */
		1C74247B21B29539004314FC /* Frameworks */ = {
			isa = PBXFrameworksBuildPhase;
			buildActionMask = 2147483647;
			files = (
				1C7424AA21B2955F004314FC /* Charts.framework in Frameworks */,
			);
			runOnlyForDeploymentPostprocessing = 0;
		};
		1C74248F21B2953B004314FC /* Frameworks */ = {
			isa = PBXFrameworksBuildPhase;
			buildActionMask = 2147483647;
			files = (
			);
			runOnlyForDeploymentPostprocessing = 0;
		};
/* End PBXFrameworksBuildPhase section */

/* Begin PBXGroup section */
		1C74247521B29539004314FC = {
			isa = PBXGroup;
			children = (
				1C74248021B29539004314FC /* KisanHub */,
				1C74249521B2953B004314FC /* KisanHubTests */,
				1C74247F21B29539004314FC /* Products */,
				1C7424A121B2954B004314FC /* Charts.xcodeproj */,
			);
			sourceTree = "<group>";
		};
		1C74247F21B29539004314FC /* Products */ = {
			isa = PBXGroup;
			children = (
				1C74247E21B29539004314FC /* KisanHub.app */,
				1C74249221B2953B004314FC /* KisanHubTests.xctest */,
			);
			name = Products;
			sourceTree = "<group>";
		};
		1C74248021B29539004314FC /* KisanHub */ = {
			isa = PBXGroup;
			children = (
				1C74248D21B2953B004314FC /* Info.plist */,
				1C7424AF21B2958E004314FC /* Classes */,
				1C7424B021B29594004314FC /* Resources */,
				1C7424B121B2959A004314FC /* Storyboard */,
			);
			path = KisanHub;
			sourceTree = "<group>";
		};
		1C74249521B2953B004314FC /* KisanHubTests */ = {
			isa = PBXGroup;
			children = (
				1C74249621B2953B004314FC /* KisanHubTests.swift */,
				1C74249821B2953B004314FC /* Info.plist */,
			);
			path = KisanHubTests;
			sourceTree = "<group>";
		};
		1C7424A221B2954B004314FC /* Products */ = {
			isa = PBXGroup;
			children = (
				1C7424A721B2954B004314FC /* Charts.framework */,
				1C7424A921B2954B004314FC /* ChartsTests.xctest */,
			);
			name = Products;
			sourceTree = "<group>";
		};
		1C7424AF21B2958E004314FC /* Classes */ = {
			isa = PBXGroup;
			children = (
				1C7ACDAB21B57AF800B91F89 /* Database */,
				1C7ACDA421B4280A00B91F89 /* ViewModel */,
				1C7ACD9421B41D4300B91F89 /* Network */,
				1C7ACD6D21B3BC8800B91F89 /* Model */,
				1C7424BD21B2A0AC004314FC /* Utilities */,
				1C7424B821B29A97004314FC /* Views */,
				1C7424B221B295AA004314FC /* AppDelegate */,
				1C7424B521B295C6004314FC /* Extension */,
				1C7424B421B295BB004314FC /* Protocol */,
				1C7424B321B295B2004314FC /* ViewControllers */,
			);
			path = Classes;
			sourceTree = "<group>";
		};
		1C7424B021B29594004314FC /* Resources */ = {
			isa = PBXGroup;
			children = (
				1C74248821B2953B004314FC /* Assets.xcassets */,
			);
			path = Resources;
			sourceTree = "<group>";
		};
		1C7424B121B2959A004314FC /* Storyboard */ = {
			isa = PBXGroup;
			children = (
				1C74248A21B2953B004314FC /* LaunchScreen.storyboard */,
				1C74248521B29539004314FC /* Main.storyboard */,
			);
			path = Storyboard;
			sourceTree = "<group>";
		};
		1C7424B221B295AA004314FC /* AppDelegate */ = {
			isa = PBXGroup;
			children = (
				1C74248121B29539004314FC /* AppDelegate.swift */,
			);
			path = AppDelegate;
			sourceTree = "<group>";
		};
		1C7424B321B295B2004314FC /* ViewControllers */ = {
			isa = PBXGroup;
			children = (
				1C74248321B29539004314FC /* WeatherReportViewController.swift */,
			);
			path = ViewControllers;
			sourceTree = "<group>";
		};
		1C7424B421B295BB004314FC /* Protocol */ = {
			isa = PBXGroup;
			children = (
			);
			path = Protocol;
			sourceTree = "<group>";
		};
		1C7424B521B295C6004314FC /* Extension */ = {
			isa = PBXGroup;
			children = (
			);
			path = Extension;
			sourceTree = "<group>";
		};
		1C7424B821B29A97004314FC /* Views */ = {
			isa = PBXGroup;
			children = (
				1C7ACD6A21B3ACBB00B91F89 /* ChartView */,
				1C7ACD6921B3AC8E00B91F89 /* CustomTableViewCell */,
				1C7ACD6821B3AC7000B91F89 /* DropdownHeaderView */,
			);
			path = Views;
			sourceTree = "<group>";
		};
		1C7424BD21B2A0AC004314FC /* Utilities */ = {
			isa = PBXGroup;
			children = (
				1C7424BE21B2A0C4004314FC /* Constants.swift */,
			);
			path = Utilities;
			sourceTree = "<group>";
		};
		1C7ACD6821B3AC7000B91F89 /* DropdownHeaderView */ = {
			isa = PBXGroup;
			children = (
				1C7424B921B29CBB004314FC /* DropdownHeaderView.swift */,
				1C7424BA21B29CBB004314FC /* DropdownHeaderView.xib */,
			);
			path = DropdownHeaderView;
			sourceTree = "<group>";
		};
		1C7ACD6921B3AC8E00B91F89 /* CustomTableViewCell */ = {
			isa = PBXGroup;
			children = (
				1C7ACD6321B3806F00B91F89 /* CustomTableViewCell.swift */,
				1C7ACD6421B3806F00B91F89 /* CustomTableViewCell.xib */,
			);
			path = CustomTableViewCell;
			sourceTree = "<group>";
		};
		1C7ACD6A21B3ACBB00B91F89 /* ChartView */ = {
			isa = PBXGroup;
			children = (
				1C7ACD6B21B3AD0400B91F89 /* ChartView.swift */,
			);
			path = ChartView;
			sourceTree = "<group>";
		};
		1C7ACD6D21B3BC8800B91F89 /* Model */ = {
			isa = PBXGroup;
			children = (
				1C7ACD6E21B3BC9A00B91F89 /* Record.swift */,
			);
			path = Model;
			sourceTree = "<group>";
		};
		1C7ACD9421B41D4300B91F89 /* Network */ = {
			isa = PBXGroup;
			children = (
				1C7ACD9B21B41F8E00B91F89 /* Utilities */,
				1C7ACD9621B41D8100B91F89 /* APIClient */,
				1C7ACD9521B41D4C00B91F89 /* Protocols */,
			);
			path = Network;
			sourceTree = "<group>";
		};
		1C7ACD9521B41D4C00B91F89 /* Protocols */ = {
			isa = PBXGroup;
			children = (
				1C7ACD9921B41E2200B91F89 /* Result.swift */,
				1C7ACD9721B41D9F00B91F89 /* NetworkSession.swift */,
				1C7ACD9E21B4216500B91F89 /* APIClient.swift */,
			);
			path = Protocols;
			sourceTree = "<group>";
		};
		1C7ACD9621B41D8100B91F89 /* APIClient */ = {
			isa = PBXGroup;
			children = (
				1C7ACDA021B4222600B91F89 /* KisanHubAPIClient.swift */,
				1C7ACDA221B4235500B91F89 /* Parser.swift */,
				1C7ACDA721B456CF00B91F89 /* WeatherReportService.swift */,
			);
			path = APIClient;
			sourceTree = "<group>";
		};
		1C7ACD9B21B41F8E00B91F89 /* Utilities */ = {
			isa = PBXGroup;
			children = (
				1C7ACD9C21B41FB300B91F89 /* NetworkConstants.swift */,
				1C7ACDA921B45F9000B91F89 /* Dictionary+Request.swift */,
			);
			path = Utilities;
			sourceTree = "<group>";
		};
		1C7ACDA421B4280A00B91F89 /* ViewModel */ = {
			isa = PBXGroup;
			children = (
				1C7ACDA521B4282000B91F89 /* WeatherReportViewModel.swift */,
			);
			path = ViewModel;
			sourceTree = "<group>";
		};
		1C7ACDAB21B57AF800B91F89 /* Database */ = {
			isa = PBXGroup;
			children = (
				1C7ACDB521B58C6200B91F89 /* Protocol */,
				1C7ACDB121B5859D00B91F89 /* Property List.plist */,
				1C7ACDB621B58C9F00B91F89 /* DataStore.swift */,
			);
			path = Database;
			sourceTree = "<group>";
		};
		1C7ACDB521B58C6200B91F89 /* Protocol */ = {
			isa = PBXGroup;
			children = (
				1C7ACDB321B58B7F00B91F89 /* DataStoreProtocol.swift */,
			);
			path = Protocol;
			sourceTree = "<group>";
		};
/* End PBXGroup section */

/* Begin PBXNativeTarget section */
		1C74247D21B29539004314FC /* KisanHub */ = {
			isa = PBXNativeTarget;
			buildConfigurationList = 1C74249B21B2953B004314FC /* Build configuration list for PBXNativeTarget "KisanHub" */;
			buildPhases = (
				1C74247A21B29539004314FC /* Sources */,
				1C74247B21B29539004314FC /* Frameworks */,
				1C74247C21B29539004314FC /* Resources */,
				1C7424AE21B2955F004314FC /* Embed Frameworks */,
			);
			buildRules = (
			);
			dependencies = (
				1C7424AD21B2955F004314FC /* PBXTargetDependency */,
			);
			name = KisanHub;
			productName = KisanHub;
			productReference = 1C74247E21B29539004314FC /* KisanHub.app */;
			productType = "com.apple.product-type.application";
		};
		1C74249121B2953B004314FC /* KisanHubTests */ = {
			isa = PBXNativeTarget;
			buildConfigurationList = 1C74249E21B2953B004314FC /* Build configuration list for PBXNativeTarget "KisanHubTests" */;
			buildPhases = (
				1C74248E21B2953B004314FC /* Sources */,
				1C74248F21B2953B004314FC /* Frameworks */,
				1C74249021B2953B004314FC /* Resources */,
			);
			buildRules = (
			);
			dependencies = (
				1C74249421B2953B004314FC /* PBXTargetDependency */,
			);
			name = KisanHubTests;
			productName = KisanHubTests;
			productReference = 1C74249221B2953B004314FC /* KisanHubTests.xctest */;
			productType = "com.apple.product-type.bundle.unit-test";
		};
/* End PBXNativeTarget section */

/* Begin PBXProject section */
		1C74247621B29539004314FC /* Project object */ = {
			isa = PBXProject;
			attributes = {
				LastSwiftUpdateCheck = 1010;
				LastUpgradeCheck = 1010;
				ORGANIZATIONNAME = "Vrushali Kulkarni";
				TargetAttributes = {
					1C74247D21B29539004314FC = {
						CreatedOnToolsVersion = 10.1;
					};
					1C74249121B2953B004314FC = {
						CreatedOnToolsVersion = 10.1;
						TestTargetID = 1C74247D21B29539004314FC;
					};
				};
			};
			buildConfigurationList = 1C74247921B29539004314FC /* Build configuration list for PBXProject "KisanHub" */;
			compatibilityVersion = "Xcode 9.3";
			developmentRegion = en;
			hasScannedForEncodings = 0;
			knownRegions = (
				en,
				Base,
			);
			mainGroup = 1C74247521B29539004314FC;
			productRefGroup = 1C74247F21B29539004314FC /* Products */;
			projectDirPath = "";
			projectReferences = (
				{
					ProductGroup = 1C7424A221B2954B004314FC /* Products */;
					ProjectRef = 1C7424A121B2954B004314FC /* Charts.xcodeproj */;
				},
			);
			projectRoot = "";
			targets = (
				1C74247D21B29539004314FC /* KisanHub */,
				1C74249121B2953B004314FC /* KisanHubTests */,
			);
		};
/* End PBXProject section */

/* Begin PBXReferenceProxy section */
		1C7424A721B2954B004314FC /* Charts.framework */ = {
			isa = PBXReferenceProxy;
			fileType = wrapper.framework;
			path = Charts.framework;
			remoteRef = 1C7424A621B2954B004314FC /* PBXContainerItemProxy */;
			sourceTree = BUILT_PRODUCTS_DIR;
		};
		1C7424A921B2954B004314FC /* ChartsTests.xctest */ = {
			isa = PBXReferenceProxy;
			fileType = wrapper.cfbundle;
			path = ChartsTests.xctest;
			remoteRef = 1C7424A821B2954B004314FC /* PBXContainerItemProxy */;
			sourceTree = BUILT_PRODUCTS_DIR;
		};
/* End PBXReferenceProxy section */

/* Begin PBXResourcesBuildPhase section */
		1C74247C21B29539004314FC /* Resources */ = {
			isa = PBXResourcesBuildPhase;
			buildActionMask = 2147483647;
			files = (
				1C7ACDB221B5859D00B91F89 /* Property List.plist in Resources */,
				1C7424BC21B29CBB004314FC /* DropdownHeaderView.xib in Resources */,
				1C74248C21B2953B004314FC /* LaunchScreen.storyboard in Resources */,
				1C74248921B2953B004314FC /* Assets.xcassets in Resources */,
				1C7ACD6621B3807000B91F89 /* CustomTableViewCell.xib in Resources */,
				1C74248721B29539004314FC /* Main.storyboard in Resources */,
			);
			runOnlyForDeploymentPostprocessing = 0;
		};
		1C74249021B2953B004314FC /* Resources */ = {
			isa = PBXResourcesBuildPhase;
			buildActionMask = 2147483647;
			files = (
			);
			runOnlyForDeploymentPostprocessing = 0;
		};
/* End PBXResourcesBuildPhase section */

/* Begin PBXSourcesBuildPhase section */
		1C74247A21B29539004314FC /* Sources */ = {
			isa = PBXSourcesBuildPhase;
			buildActionMask = 2147483647;
			files = (
				1C7ACDA121B4222600B91F89 /* KisanHubAPIClient.swift in Sources */,
				1C7ACD9A21B41E2200B91F89 /* Result.swift in Sources */,
				1C74248421B29539004314FC /* WeatherReportViewController.swift in Sources */,
				1C7ACDB421B58B7F00B91F89 /* DataStoreProtocol.swift in Sources */,
				1C7ACD9D21B41FB300B91F89 /* NetworkConstants.swift in Sources */,
				1C7ACDA321B4235500B91F89 /* Parser.swift in Sources */,
				1C7ACD6521B3807000B91F89 /* CustomTableViewCell.swift in Sources */,
				1C7ACDB721B58C9F00B91F89 /* DataStore.swift in Sources */,
				1C74248221B29539004314FC /* AppDelegate.swift in Sources */,
				1C7ACD9F21B4216500B91F89 /* APIClient.swift in Sources */,
				1C7424BB21B29CBB004314FC /* DropdownHeaderView.swift in Sources */,
				1C7ACD6F21B3BC9A00B91F89 /* Record.swift in Sources */,
				1C7ACD9821B41D9F00B91F89 /* NetworkSession.swift in Sources */,
				1C7ACDAA21B45F9000B91F89 /* Dictionary+Request.swift in Sources */,
				1C7ACDA621B4282000B91F89 /* WeatherReportViewModel.swift in Sources */,
				1C7424BF21B2A0C4004314FC /* Constants.swift in Sources */,
				1C7ACDA821B456CF00B91F89 /* WeatherReportService.swift in Sources */,
				1C7ACD6C21B3AD0400B91F89 /* ChartView.swift in Sources */,
			);
			runOnlyForDeploymentPostprocessing = 0;
		};
		1C74248E21B2953B004314FC /* Sources */ = {
			isa = PBXSourcesBuildPhase;
			buildActionMask = 2147483647;
			files = (
				1C74249721B2953B004314FC /* KisanHubTests.swift in Sources */,
			);
			runOnlyForDeploymentPostprocessing = 0;
		};
/* End PBXSourcesBuildPhase section */

/* Begin PBXTargetDependency section */
		1C74249421B2953B004314FC /* PBXTargetDependency */ = {
			isa = PBXTargetDependency;
			target = 1C74247D21B29539004314FC /* KisanHub */;
			targetProxy = 1C74249321B2953B004314FC /* PBXContainerItemProxy */;
		};
		1C7424AD21B2955F004314FC /* PBXTargetDependency */ = {
			isa = PBXTargetDependency;
			name = Charts;
			targetProxy = 1C7424AC21B2955F004314FC /* PBXContainerItemProxy */;
		};
/* End PBXTargetDependency section */

/* Begin PBXVariantGroup section */
		1C74248521B29539004314FC /* Main.storyboard */ = {
			isa = PBXVariantGroup;
			children = (
				1C74248621B29539004314FC /* Base */,
			);
			name = Main.storyboard;
			sourceTree = "<group>";
		};
		1C74248A21B2953B004314FC /* LaunchScreen.storyboard */ = {
			isa = PBXVariantGroup;
			children = (
				1C74248B21B2953B004314FC /* Base */,
			);
			name = LaunchScreen.storyboard;
			sourceTree = "<group>";
		};
/* End PBXVariantGroup section */

/* Begin XCBuildConfiguration section */
		1C74249921B2953B004314FC /* Debug */ = {
			isa = XCBuildConfiguration;
			buildSettings = {
				ALWAYS_SEARCH_USER_PATHS = NO;
				CLANG_ANALYZER_NONNULL = YES;
				CLANG_ANALYZER_NUMBER_OBJECT_CONVERSION = YES_AGGRESSIVE;
				CLANG_CXX_LANGUAGE_STANDARD = "gnu++14";
				CLANG_CXX_LIBRARY = "libc++";
				CLANG_ENABLE_MODULES = YES;
				CLANG_ENABLE_OBJC_ARC = YES;
				CLANG_ENABLE_OBJC_WEAK = YES;
				CLANG_WARN_BLOCK_CAPTURE_AUTORELEASING = YES;
				CLANG_WARN_BOOL_CONVERSION = YES;
				CLANG_WARN_COMMA = YES;
				CLANG_WARN_CONSTANT_CONVERSION = YES;
				CLANG_WARN_DEPRECATED_OBJC_IMPLEMENTATIONS = YES;
				CLANG_WARN_DIRECT_OBJC_ISA_USAGE = YES_ERROR;
				CLANG_WARN_DOCUMENTATION_COMMENTS = YES;
				CLANG_WARN_EMPTY_BODY = YES;
				CLANG_WARN_ENUM_CONVERSION = YES;
				CLANG_WARN_INFINITE_RECURSION = YES;
				CLANG_WARN_INT_CONVERSION = YES;
				CLANG_WARN_NON_LITERAL_NULL_CONVERSION = YES;
				CLANG_WARN_OBJC_IMPLICIT_RETAIN_SELF = YES;
				CLANG_WARN_OBJC_LITERAL_CONVERSION = YES;
				CLANG_WARN_OBJC_ROOT_CLASS = YES_ERROR;
				CLANG_WARN_RANGE_LOOP_ANALYSIS = YES;
				CLANG_WARN_STRICT_PROTOTYPES = YES;
				CLANG_WARN_SUSPICIOUS_MOVE = YES;
				CLANG_WARN_UNGUARDED_AVAILABILITY = YES_AGGRESSIVE;
				CLANG_WARN_UNREACHABLE_CODE = YES;
				CLANG_WARN__DUPLICATE_METHOD_MATCH = YES;
				CODE_SIGN_IDENTITY = "iPhone Developer";
				COPY_PHASE_STRIP = NO;
				DEBUG_INFORMATION_FORMAT = dwarf;
				ENABLE_STRICT_OBJC_MSGSEND = YES;
				ENABLE_TESTABILITY = YES;
				GCC_C_LANGUAGE_STANDARD = gnu11;
				GCC_DYNAMIC_NO_PIC = NO;
				GCC_NO_COMMON_BLOCKS = YES;
				GCC_OPTIMIZATION_LEVEL = 0;
				GCC_PREPROCESSOR_DEFINITIONS = (
					"DEBUG=1",
					"$(inherited)",
				);
				GCC_WARN_64_TO_32_BIT_CONVERSION = YES;
				GCC_WARN_ABOUT_RETURN_TYPE = YES_ERROR;
				GCC_WARN_UNDECLARED_SELECTOR = YES;
				GCC_WARN_UNINITIALIZED_AUTOS = YES_AGGRESSIVE;
				GCC_WARN_UNUSED_FUNCTION = YES;
				GCC_WARN_UNUSED_VARIABLE = YES;
				IPHONEOS_DEPLOYMENT_TARGET = 12.1;
				MTL_ENABLE_DEBUG_INFO = INCLUDE_SOURCE;
				MTL_FAST_MATH = YES;
				ONLY_ACTIVE_ARCH = YES;
				SDKROOT = iphoneos;
				SWIFT_ACTIVE_COMPILATION_CONDITIONS = DEBUG;
				SWIFT_OPTIMIZATION_LEVEL = "-Onone";
			};
			name = Debug;
		};
		1C74249A21B2953B004314FC /* Release */ = {
			isa = XCBuildConfiguration;
			buildSettings = {
				ALWAYS_SEARCH_USER_PATHS = NO;
				CLANG_ANALYZER_NONNULL = YES;
				CLANG_ANALYZER_NUMBER_OBJECT_CONVERSION = YES_AGGRESSIVE;
				CLANG_CXX_LANGUAGE_STANDARD = "gnu++14";
				CLANG_CXX_LIBRARY = "libc++";
				CLANG_ENABLE_MODULES = YES;
				CLANG_ENABLE_OBJC_ARC = YES;
				CLANG_ENABLE_OBJC_WEAK = YES;
				CLANG_WARN_BLOCK_CAPTURE_AUTORELEASING = YES;
				CLANG_WARN_BOOL_CONVERSION = YES;
				CLANG_WARN_COMMA = YES;
				CLANG_WARN_CONSTANT_CONVERSION = YES;
				CLANG_WARN_DEPRECATED_OBJC_IMPLEMENTATIONS = YES;
				CLANG_WARN_DIRECT_OBJC_ISA_USAGE = YES_ERROR;
				CLANG_WARN_DOCUMENTATION_COMMENTS = YES;
				CLANG_WARN_EMPTY_BODY = YES;
				CLANG_WARN_ENUM_CONVERSION = YES;
				CLANG_WARN_INFINITE_RECURSION = YES;
				CLANG_WARN_INT_CONVERSION = YES;
				CLANG_WARN_NON_LITERAL_NULL_CONVERSION = YES;
				CLANG_WARN_OBJC_IMPLICIT_RETAIN_SELF = YES;
				CLANG_WARN_OBJC_LITERAL_CONVERSION = YES;
				CLANG_WARN_OBJC_ROOT_CLASS = YES_ERROR;
				CLANG_WARN_RANGE_LOOP_ANALYSIS = YES;
				CLANG_WARN_STRICT_PROTOTYPES = YES;
				CLANG_WARN_SUSPICIOUS_MOVE = YES;
				CLANG_WARN_UNGUARDED_AVAILABILITY = YES_AGGRESSIVE;
				CLANG_WARN_UNREACHABLE_CODE = YES;
				CLANG_WARN__DUPLICATE_METHOD_MATCH = YES;
				CODE_SIGN_IDENTITY = "iPhone Developer";
				COPY_PHASE_STRIP = NO;
				DEBUG_INFORMATION_FORMAT = "dwarf-with-dsym";
				ENABLE_NS_ASSERTIONS = NO;
				ENABLE_STRICT_OBJC_MSGSEND = YES;
				GCC_C_LANGUAGE_STANDARD = gnu11;
				GCC_NO_COMMON_BLOCKS = YES;
				GCC_WARN_64_TO_32_BIT_CONVERSION = YES;
				GCC_WARN_ABOUT_RETURN_TYPE = YES_ERROR;
				GCC_WARN_UNDECLARED_SELECTOR = YES;
				GCC_WARN_UNINITIALIZED_AUTOS = YES_AGGRESSIVE;
				GCC_WARN_UNUSED_FUNCTION = YES;
				GCC_WARN_UNUSED_VARIABLE = YES;
				IPHONEOS_DEPLOYMENT_TARGET = 12.1;
				MTL_ENABLE_DEBUG_INFO = NO;
				MTL_FAST_MATH = YES;
				SDKROOT = iphoneos;
				SWIFT_COMPILATION_MODE = wholemodule;
				SWIFT_OPTIMIZATION_LEVEL = "-O";
				VALIDATE_PRODUCT = YES;
			};
			name = Release;
		};
		1C74249C21B2953B004314FC /* Debug */ = {
			isa = XCBuildConfiguration;
			buildSettings = {
				ALWAYS_EMBED_SWIFT_STANDARD_LIBRARIES = YES;
				ASSETCATALOG_COMPILER_APPICON_NAME = AppIcon;
				CODE_SIGN_STYLE = Automatic;
				INFOPLIST_FILE = KisanHub/Info.plist;
				LD_RUNPATH_SEARCH_PATHS = (
					"$(inherited)",
					"@executable_path/Frameworks",
				);
				PRODUCT_BUNDLE_IDENTIFIER = com.Vrushali.KisanHub.KisanHub;
				PRODUCT_NAME = "$(TARGET_NAME)";
				SWIFT_VERSION = 4.2;
				TARGETED_DEVICE_FAMILY = "1,2";
			};
			name = Debug;
		};
		1C74249D21B2953B004314FC /* Release */ = {
			isa = XCBuildConfiguration;
			buildSettings = {
				ALWAYS_EMBED_SWIFT_STANDARD_LIBRARIES = YES;
				ASSETCATALOG_COMPILER_APPICON_NAME = AppIcon;
				CODE_SIGN_STYLE = Automatic;
				INFOPLIST_FILE = KisanHub/Info.plist;
				LD_RUNPATH_SEARCH_PATHS = (
					"$(inherited)",
					"@executable_path/Frameworks",
				);
				PRODUCT_BUNDLE_IDENTIFIER = com.Vrushali.KisanHub.KisanHub;
				PRODUCT_NAME = "$(TARGET_NAME)";
				SWIFT_VERSION = 4.2;
				TARGETED_DEVICE_FAMILY = "1,2";
			};
			name = Release;
		};
		1C74249F21B2953B004314FC /* Debug */ = {
			isa = XCBuildConfiguration;
			buildSettings = {
				ALWAYS_EMBED_SWIFT_STANDARD_LIBRARIES = YES;
				BUNDLE_LOADER = "$(TEST_HOST)";
				CODE_SIGN_STYLE = Automatic;
				INFOPLIST_FILE = KisanHubTests/Info.plist;
				LD_RUNPATH_SEARCH_PATHS = (
					"$(inherited)",
					"@executable_path/Frameworks",
					"@loader_path/Frameworks",
				);
				PRODUCT_BUNDLE_IDENTIFIER = com.Vrushali.KisanHub.KisanHubTests;
				PRODUCT_NAME = "$(TARGET_NAME)";
				SWIFT_VERSION = 4.2;
				TARGETED_DEVICE_FAMILY = "1,2";
				TEST_HOST = "$(BUILT_PRODUCTS_DIR)/KisanHub.app/KisanHub";
			};
			name = Debug;
		};
		1C7424A021B2953B004314FC /* Release */ = {
			isa = XCBuildConfiguration;
			buildSettings = {
				ALWAYS_EMBED_SWIFT_STANDARD_LIBRARIES = YES;
				BUNDLE_LOADER = "$(TEST_HOST)";
				CODE_SIGN_STYLE = Automatic;
				INFOPLIST_FILE = KisanHubTests/Info.plist;
				LD_RUNPATH_SEARCH_PATHS = (
					"$(inherited)",
					"@executable_path/Frameworks",
					"@loader_path/Frameworks",
				);
				PRODUCT_BUNDLE_IDENTIFIER = com.Vrushali.KisanHub.KisanHubTests;
				PRODUCT_NAME = "$(TARGET_NAME)";
				SWIFT_VERSION = 4.2;
				TARGETED_DEVICE_FAMILY = "1,2";
				TEST_HOST = "$(BUILT_PRODUCTS_DIR)/KisanHub.app/KisanHub";
			};
			name = Release;
		};
/* End XCBuildConfiguration section */

/* Begin XCConfigurationList section */
		1C74247921B29539004314FC /* Build configuration list for PBXProject "KisanHub" */ = {
			isa = XCConfigurationList;
			buildConfigurations = (
				1C74249921B2953B004314FC /* Debug */,
				1C74249A21B2953B004314FC /* Release */,
			);
			defaultConfigurationIsVisible = 0;
			defaultConfigurationName = Release;
		};
		1C74249B21B2953B004314FC /* Build configuration list for PBXNativeTarget "KisanHub" */ = {
			isa = XCConfigurationList;
			buildConfigurations = (
				1C74249C21B2953B004314FC /* Debug */,
				1C74249D21B2953B004314FC /* Release */,
			);
			defaultConfigurationIsVisible = 0;
			defaultConfigurationName = Release;
		};
		1C74249E21B2953B004314FC /* Build configuration list for PBXNativeTarget "KisanHubTests" */ = {
			isa = XCConfigurationList;
			buildConfigurations = (
				1C74249F21B2953B004314FC /* Debug */,
				1C7424A021B2953B004314FC /* Release */,
			);
			defaultConfigurationIsVisible = 0;
			defaultConfigurationName = Release;
		};
/* End XCConfigurationList section */
	};
	rootObject = 1C74247621B29539004314FC /* Project object */;
}
